
Microsoft Visual Studio Solution File, Format Version 12.00
# Visual Studio Version 17
VisualStudioVersion = 17.0.31903.59
MinimumVisualStudioVersion = 10.0.40219.1
Project("{FAE04EC0-301F-11D3-BF4B-00C04F79EFBC}") = "Day1-1", "Day1-1\Day1-1.csproj", "{8EE0F36B-5258-45B3-878C-C466380C20E7}"
EndProject
Project("{FAE04EC0-301F-11D3-BF4B-00C04F79EFBC}") = "Day1-2", "Day1-2\Day1-2.csproj", "{2941C1BF-BC91-4070-A443-BCF5E6EDE140}"
EndProject
Project("{FAE04EC0-301F-11D3-BF4B-00C04F79EFBC}") = "Day2-1", "Day2-1\Day2-1.csproj", "{60E807B2-3B55-4AF5-AC65-8E4C4DDB6EFD}"
EndProject
Project("{FAE04EC0-301F-11D3-BF4B-00C04F79EFBC}") = "Day2-2", "Day2-2\Day2-2.csproj", "{B14A8EB8-3037-4BA0-AAB4-6026181B53AB}"
EndProject
Project("{FAE04EC0-301F-11D3-BF4B-00C04F79EFBC}") = "Day3-1", "Day3-1\Day3-1.csproj", "{2DE8FFA0-024D-4357-98B5-E4EE70FA2E77}"
EndProject
Project("{FAE04EC0-301F-11D3-BF4B-00C04F79EFBC}") = "Day3-2", "Day3-2\Day3-2.csproj", "{DCB6BE1F-DA1B-49C6-96DB-B433737DB977}"
EndProject
Project("{FAE04EC0-301F-11D3-BF4B-00C04F79EFBC}") = "Day4-1", "Day4-1\Day4-1.csproj", "{50BAFBB5-A57D-493F-988B-00639294DE8C}"
EndProject
Project("{FAE04EC0-301F-11D3-BF4B-00C04F79EFBC}") = "Day4-2", "Day4-2\Day4-2.csproj", "{08A69071-6E0C-42FF-9BAF-43822AB55271}"
EndProject
Project("{FAE04EC0-301F-11D3-BF4B-00C04F79EFBC}") = "Day5-1", "Day5-1\Day5-1.csproj", "{86BE94EE-2DC6-4B21-BD52-CBB5BC0FBB9C}"
EndProject
Project("{FAE04EC0-301F-11D3-BF4B-00C04F79EFBC}") = "Day5-2", "Day5-2\Day5-2.csproj", "{2E1276D1-4729-4731-BF7F-FAF5341918AF}"
EndProject
Project("{FAE04EC0-301F-11D3-BF4B-00C04F79EFBC}") = "Day6-1", "Day6-1\Day6-1.csproj", "{A8E1E313-2E42-4D2E-AE80-43F4D98A70C3}"
EndProject
Project("{FAE04EC0-301F-11D3-BF4B-00C04F79EFBC}") = "Day6-2", "Day6-2\Day6-2.csproj", "{9A38C8B9-4249-4BE8-A670-04E7DE1DAEEB}"
EndProject
Project("{FAE04EC0-301F-11D3-BF4B-00C04F79EFBC}") = "Day7-1", "Day7-1\Day7-1.csproj", "{5AD02CFB-31F4-4478-8F72-489947CC7B98}"
EndProject
Project("{FAE04EC0-301F-11D3-BF4B-00C04F79EFBC}") = "Day7-2", "Day7-2\Day7-2.csproj", "{5BA17D4C-2F88-45FF-A7D2-9395E8197A32}"
EndProject
Project("{FAE04EC0-301F-11D3-BF4B-00C04F79EFBC}") = "Day8-1", "Day8-1\Day8-1.csproj", "{44D34793-5B30-491F-8D10-65FD75831D9B}"
EndProject
Project("{FAE04EC0-301F-11D3-BF4B-00C04F79EFBC}") = "Day8-2", "Day8-2\Day8-2.csproj", "{596EB84E-A69B-4449-9825-10353EAE33A7}"
EndProject
Project("{FAE04EC0-301F-11D3-BF4B-00C04F79EFBC}") = "Day9-1", "Day9-1\Day9-1.csproj", "{C7A76CE9-E5CE-4C32-BFD0-5B74BB26DB50}"
EndProject
Project("{FAE04EC0-301F-11D3-BF4B-00C04F79EFBC}") = "Day9-2", "Day9-2\Day9-2.csproj", "{1A0D1077-5BAF-418A-9029-17AE25FA10DF}"
EndProject
Global
	GlobalSection(SolutionConfigurationPlatforms) = preSolution
		Debug|Any CPU = Debug|Any CPU
		Release|Any CPU = Release|Any CPU
	EndGlobalSection
	GlobalSection(SolutionProperties) = preSolution
		HideSolutionNode = FALSE
	EndGlobalSection
	GlobalSection(ProjectConfigurationPlatforms) = postSolution
		{8EE0F36B-5258-45B3-878C-C466380C20E7}.Debug|Any CPU.ActiveCfg = Debug|Any CPU
		{8EE0F36B-5258-45B3-878C-C466380C20E7}.Debug|Any CPU.Build.0 = Debug|Any CPU
		{8EE0F36B-5258-45B3-878C-C466380C20E7}.Release|Any CPU.ActiveCfg = Release|Any CPU
		{8EE0F36B-5258-45B3-878C-C466380C20E7}.Release|Any CPU.Build.0 = Release|Any CPU
		{2941C1BF-BC91-4070-A443-BCF5E6EDE140}.Debug|Any CPU.ActiveCfg = Debug|Any CPU
		{2941C1BF-BC91-4070-A443-BCF5E6EDE140}.Debug|Any CPU.Build.0 = Debug|Any CPU
		{2941C1BF-BC91-4070-A443-BCF5E6EDE140}.Release|Any CPU.ActiveCfg = Release|Any CPU
		{2941C1BF-BC91-4070-A443-BCF5E6EDE140}.Release|Any CPU.Build.0 = Release|Any CPU
		{60E807B2-3B55-4AF5-AC65-8E4C4DDB6EFD}.Debug|Any CPU.ActiveCfg = Debug|Any CPU
		{60E807B2-3B55-4AF5-AC65-8E4C4DDB6EFD}.Debug|Any CPU.Build.0 = Debug|Any CPU
		{60E807B2-3B55-4AF5-AC65-8E4C4DDB6EFD}.Release|Any CPU.ActiveCfg = Release|Any CPU
		{60E807B2-3B55-4AF5-AC65-8E4C4DDB6EFD}.Release|Any CPU.Build.0 = Release|Any CPU
		{B14A8EB8-3037-4BA0-AAB4-6026181B53AB}.Debug|Any CPU.ActiveCfg = Debug|Any CPU
		{B14A8EB8-3037-4BA0-AAB4-6026181B53AB}.Debug|Any CPU.Build.0 = Debug|Any CPU
		{B14A8EB8-3037-4BA0-AAB4-6026181B53AB}.Release|Any CPU.ActiveCfg = Release|Any CPU
		{B14A8EB8-3037-4BA0-AAB4-6026181B53AB}.Release|Any CPU.Build.0 = Release|Any CPU
		{2DE8FFA0-024D-4357-98B5-E4EE70FA2E77}.Debug|Any CPU.ActiveCfg = Debug|Any CPU
		{2DE8FFA0-024D-4357-98B5-E4EE70FA2E77}.Debug|Any CPU.Build.0 = Debug|Any CPU
		{2DE8FFA0-024D-4357-98B5-E4EE70FA2E77}.Release|Any CPU.ActiveCfg = Release|Any CPU
		{2DE8FFA0-024D-4357-98B5-E4EE70FA2E77}.Release|Any CPU.Build.0 = Release|Any CPU
		{DCB6BE1F-DA1B-49C6-96DB-B433737DB977}.Debug|Any CPU.ActiveCfg = Debug|Any CPU
		{DCB6BE1F-DA1B-49C6-96DB-B433737DB977}.Debug|Any CPU.Build.0 = Debug|Any CPU
		{DCB6BE1F-DA1B-49C6-96DB-B433737DB977}.Release|Any CPU.ActiveCfg = Release|Any CPU
		{DCB6BE1F-DA1B-49C6-96DB-B433737DB977}.Release|Any CPU.Build.0 = Release|Any CPU
		{50BAFBB5-A57D-493F-988B-00639294DE8C}.Debug|Any CPU.ActiveCfg = Debug|Any CPU
		{50BAFBB5-A57D-493F-988B-00639294DE8C}.Debug|Any CPU.Build.0 = Debug|Any CPU
		{50BAFBB5-A57D-493F-988B-00639294DE8C}.Release|Any CPU.ActiveCfg = Release|Any CPU
		{50BAFBB5-A57D-493F-988B-00639294DE8C}.Release|Any CPU.Build.0 = Release|Any CPU
		{08A69071-6E0C-42FF-9BAF-43822AB55271}.Debug|Any CPU.ActiveCfg = Debug|Any CPU
		{08A69071-6E0C-42FF-9BAF-43822AB55271}.Debug|Any CPU.Build.0 = Debug|Any CPU
		{08A69071-6E0C-42FF-9BAF-43822AB55271}.Release|Any CPU.ActiveCfg = Release|Any CPU
		{08A69071-6E0C-42FF-9BAF-43822AB55271}.Release|Any CPU.Build.0 = Release|Any CPU
		{86BE94EE-2DC6-4B21-BD52-CBB5BC0FBB9C}.Debug|Any CPU.ActiveCfg = Debug|Any CPU
		{86BE94EE-2DC6-4B21-BD52-CBB5BC0FBB9C}.Debug|Any CPU.Build.0 = Debug|Any CPU
		{86BE94EE-2DC6-4B21-BD52-CBB5BC0FBB9C}.Release|Any CPU.ActiveCfg = Release|Any CPU
		{86BE94EE-2DC6-4B21-BD52-CBB5BC0FBB9C}.Release|Any CPU.Build.0 = Release|Any CPU
		{2E1276D1-4729-4731-BF7F-FAF5341918AF}.Debug|Any CPU.ActiveCfg = Debug|Any CPU
		{2E1276D1-4729-4731-BF7F-FAF5341918AF}.Debug|Any CPU.Build.0 = Debug|Any CPU
		{2E1276D1-4729-4731-BF7F-FAF5341918AF}.Release|Any CPU.ActiveCfg = Release|Any CPU
		{2E1276D1-4729-4731-BF7F-FAF5341918AF}.Release|Any CPU.Build.0 = Release|Any CPU
		{A8E1E313-2E42-4D2E-AE80-43F4D98A70C3}.Debug|Any CPU.ActiveCfg = Debug|Any CPU
		{A8E1E313-2E42-4D2E-AE80-43F4D98A70C3}.Debug|Any CPU.Build.0 = Debug|Any CPU
		{A8E1E313-2E42-4D2E-AE80-43F4D98A70C3}.Release|Any CPU.ActiveCfg = Release|Any CPU
		{A8E1E313-2E42-4D2E-AE80-43F4D98A70C3}.Release|Any CPU.Build.0 = Release|Any CPU
		{9A38C8B9-4249-4BE8-A670-04E7DE1DAEEB}.Debug|Any CPU.ActiveCfg = Debug|Any CPU
		{9A38C8B9-4249-4BE8-A670-04E7DE1DAEEB}.Debug|Any CPU.Build.0 = Debug|Any CPU
		{9A38C8B9-4249-4BE8-A670-04E7DE1DAEEB}.Release|Any CPU.ActiveCfg = Release|Any CPU
		{9A38C8B9-4249-4BE8-A670-04E7DE1DAEEB}.Release|Any CPU.Build.0 = Release|Any CPU
		{5AD02CFB-31F4-4478-8F72-489947CC7B98}.Debug|Any CPU.ActiveCfg = Debug|Any CPU
		{5AD02CFB-31F4-4478-8F72-489947CC7B98}.Debug|Any CPU.Build.0 = Debug|Any CPU
		{5AD02CFB-31F4-4478-8F72-489947CC7B98}.Release|Any CPU.ActiveCfg = Release|Any CPU
		{5AD02CFB-31F4-4478-8F72-489947CC7B98}.Release|Any CPU.Build.0 = Release|Any CPU
		{5BA17D4C-2F88-45FF-A7D2-9395E8197A32}.Debug|Any CPU.ActiveCfg = Debug|Any CPU
		{5BA17D4C-2F88-45FF-A7D2-9395E8197A32}.Debug|Any CPU.Build.0 = Debug|Any CPU
		{5BA17D4C-2F88-45FF-A7D2-9395E8197A32}.Release|Any CPU.ActiveCfg = Release|Any CPU
		{5BA17D4C-2F88-45FF-A7D2-9395E8197A32}.Release|Any CPU.Build.0 = Release|Any CPU
		{44D34793-5B30-491F-8D10-65FD75831D9B}.Debug|Any CPU.ActiveCfg = Debug|Any CPU
		{44D34793-5B30-491F-8D10-65FD75831D9B}.Debug|Any CPU.Build.0 = Debug|Any CPU
		{44D34793-5B30-491F-8D10-65FD75831D9B}.Release|Any CPU.ActiveCfg = Release|Any CPU
		{44D34793-5B30-491F-8D10-65FD75831D9B}.Release|Any CPU.Build.0 = Release|Any CPU
		{596EB84E-A69B-4449-9825-10353EAE33A7}.Debug|Any CPU.ActiveCfg = Debug|Any CPU
		{596EB84E-A69B-4449-9825-10353EAE33A7}.Debug|Any CPU.Build.0 = Debug|Any CPU
		{596EB84E-A69B-4449-9825-10353EAE33A7}.Release|Any CPU.ActiveCfg = Release|Any CPU
		{596EB84E-A69B-4449-9825-10353EAE33A7}.Release|Any CPU.Build.0 = Release|Any CPU
		{C7A76CE9-E5CE-4C32-BFD0-5B74BB26DB50}.Debug|Any CPU.ActiveCfg = Debug|Any CPU
		{C7A76CE9-E5CE-4C32-BFD0-5B74BB26DB50}.Debug|Any CPU.Build.0 = Debug|Any CPU
		{C7A76CE9-E5CE-4C32-BFD0-5B74BB26DB50}.Release|Any CPU.ActiveCfg = Release|Any CPU
		{C7A76CE9-E5CE-4C32-BFD0-5B74BB26DB50}.Release|Any CPU.Build.0 = Release|Any CPU
		{1A0D1077-5BAF-418A-9029-17AE25FA10DF}.Debug|Any CPU.ActiveCfg = Debug|Any CPU
		{1A0D1077-5BAF-418A-9029-17AE25FA10DF}.Debug|Any CPU.Build.0 = Debug|Any CPU
		{1A0D1077-5BAF-418A-9029-17AE25FA10DF}.Release|Any CPU.ActiveCfg = Release|Any CPU
		{1A0D1077-5BAF-418A-9029-17AE25FA10DF}.Release|Any CPU.Build.0 = Release|Any CPU
	EndGlobalSection
EndGlobal
