
Microsoft Visual Studio Solution File, Format Version 12.00
# Visual Studio Version 17
VisualStudioVersion = 17.0.31903.59
MinimumVisualStudioVersion = 10.0.40219.1
Project("{FAE04EC0-301F-11D3-BF4B-00C04F79EFBC}") = "Day1-1", "Day1-1\Day1-1.csproj", "{8EE0F36B-5258-45B3-878C-C466380C20E7}"
EndProject
Project("{FAE04EC0-301F-11D3-BF4B-00C04F79EFBC}") = "Day1-2", "Day1-2\Day1-2.csproj", "{2941C1BF-BC91-4070-A443-BCF5E6EDE140}"
EndProject
Global
	GlobalSection(SolutionConfigurationPlatforms) = preSolution
		Debug|Any CPU = Debug|Any CPU
		Release|Any CPU = Release|Any CPU
	EndGlobalSection
	GlobalSection(SolutionProperties) = preSolution
		HideSolutionNode = FALSE
	EndGlobalSection
	GlobalSection(ProjectConfigurationPlatforms) = postSolution
		{8EE0F36B-5258-45B3-878C-C466380C20E7}.Debug|Any CPU.ActiveCfg = Debug|Any CPU
		{8EE0F36B-5258-45B3-878C-C466380C20E7}.Debug|Any CPU.Build.0 = Debug|Any CPU
		{8EE0F36B-5258-45B3-878C-C466380C20E7}.Release|Any CPU.ActiveCfg = Release|Any CPU
		{8EE0F36B-5258-45B3-878C-C466380C20E7}.Release|Any CPU.Build.0 = Release|Any CPU
		{2941C1BF-BC91-4070-A443-BCF5E6EDE140}.Debug|Any CPU.ActiveCfg = Debug|Any CPU
		{2941C1BF-BC91-4070-A443-BCF5E6EDE140}.Debug|Any CPU.Build.0 = Debug|Any CPU
		{2941C1BF-BC91-4070-A443-BCF5E6EDE140}.Release|Any CPU.ActiveCfg = Release|Any CPU
		{2941C1BF-BC91-4070-A443-BCF5E6EDE140}.Release|Any CPU.Build.0 = Release|Any CPU
	EndGlobalSection
EndGlobal
